// !$*UTF8*$!
{
	archiveVersion = 1;
	classes = {
	};
	objectVersion = 50;
	objects = {

/* Begin PBXBuildFile section */
		E51318F124B9BC2B00FDF1FA /* AppDelegate.swift in Sources */ = {isa = PBXBuildFile; fileRef = E51318F024B9BC2B00FDF1FA /* AppDelegate.swift */; };
		E51318F324B9BC2B00FDF1FA /* SceneDelegate.swift in Sources */ = {isa = PBXBuildFile; fileRef = E51318F224B9BC2B00FDF1FA /* SceneDelegate.swift */; };
		E51318FA24B9BC3300FDF1FA /* Assets.xcassets in Resources */ = {isa = PBXBuildFile; fileRef = E51318F924B9BC3300FDF1FA /* Assets.xcassets */; };
		E51318FD24B9BC3300FDF1FA /* LaunchScreen.storyboard in Resources */ = {isa = PBXBuildFile; fileRef = E51318FB24B9BC3300FDF1FA /* LaunchScreen.storyboard */; };
		E513190724BA3AC700FDF1FA /* FavoritesVC.swift in Sources */ = {isa = PBXBuildFile; fileRef = E513190624BA3AC700FDF1FA /* FavoritesVC.swift */; };
		E513190924BA3B1200FDF1FA /* SearchVC.swift in Sources */ = {isa = PBXBuildFile; fileRef = E513190824BA3B1200FDF1FA /* SearchVC.swift */; };
		E532D94F24E1E369000E8D5A /* UIHelper.swift in Sources */ = {isa = PBXBuildFile; fileRef = E532D94E24E1E369000E8D5A /* UIHelper.swift */; };
		E532D95624E27F92000E8D5A /* GHEmptyStateView.swift in Sources */ = {isa = PBXBuildFile; fileRef = E532D95524E27F92000E8D5A /* GHEmptyStateView.swift */; };
		E532D95824E29807000E8D5A /* UserInfoVC.swift in Sources */ = {isa = PBXBuildFile; fileRef = E532D95724E29807000E8D5A /* UserInfoVC.swift */; };
		E532D95B24E2CECE000E8D5A /* GHUserInfoHeaderVC.swift in Sources */ = {isa = PBXBuildFile; fileRef = E532D95A24E2CECE000E8D5A /* GHUserInfoHeaderVC.swift */; };
		E532D95D24E2CF0E000E8D5A /* GHSecondaryTitleLabel.swift in Sources */ = {isa = PBXBuildFile; fileRef = E532D95C24E2CF0E000E8D5A /* GHSecondaryTitleLabel.swift */; };
		E532D95F24E2E538000E8D5A /* Constants.swift in Sources */ = {isa = PBXBuildFile; fileRef = E532D95E24E2E538000E8D5A /* Constants.swift */; };
		E532D96124E330CB000E8D5A /* GHItemInfoView.swift in Sources */ = {isa = PBXBuildFile; fileRef = E532D96024E330CA000E8D5A /* GHItemInfoView.swift */; };
		E532D96324E338B1000E8D5A /* GHItemInfoVC.swift in Sources */ = {isa = PBXBuildFile; fileRef = E532D96224E338B1000E8D5A /* GHItemInfoVC.swift */; };
		E532D96524E33B03000E8D5A /* GHRepoItemVC.swift in Sources */ = {isa = PBXBuildFile; fileRef = E532D96424E33B03000E8D5A /* GHRepoItemVC.swift */; };
		E532D96724E33D57000E8D5A /* GHFollowerItemVC.swift in Sources */ = {isa = PBXBuildFile; fileRef = E532D96624E33D57000E8D5A /* GHFollowerItemVC.swift */; };
		E550A5C324C378C3009034C5 /* NetworkManager.swift in Sources */ = {isa = PBXBuildFile; fileRef = E550A5C224C378C3009034C5 /* NetworkManager.swift */; };
		E550A5C624C38606009034C5 /* ErrorMessage.swift in Sources */ = {isa = PBXBuildFile; fileRef = E550A5C524C38606009034C5 /* ErrorMessage.swift */; };
		E5ABC60C24C48078005E15A2 /* FollowerCell.swift in Sources */ = {isa = PBXBuildFile; fileRef = E5ABC60B24C48078005E15A2 /* FollowerCell.swift */; };
		E5ABC60E24C4811E005E15A2 /* GHAvatarImageView.swift in Sources */ = {isa = PBXBuildFile; fileRef = E5ABC60D24C4811E005E15A2 /* GHAvatarImageView.swift */; };
		E5E1FC6224BB08B70091DED6 /* GHButton.swift in Sources */ = {isa = PBXBuildFile; fileRef = E5E1FC6124BB08B70091DED6 /* GHButton.swift */; };
		E5E1FC6424BB08CC0091DED6 /* GHTextField.swift in Sources */ = {isa = PBXBuildFile; fileRef = E5E1FC6324BB08CC0091DED6 /* GHTextField.swift */; };
		E5E1FC6624BB291F0091DED6 /* FollowersListVC.swift in Sources */ = {isa = PBXBuildFile; fileRef = E5E1FC6524BB291F0091DED6 /* FollowersListVC.swift */; };
		E5E1FC6824BBA6630091DED6 /* GHTitleLabel.swift in Sources */ = {isa = PBXBuildFile; fileRef = E5E1FC6724BBA6630091DED6 /* GHTitleLabel.swift */; };
		E5E1FC6A24BBA66E0091DED6 /* GHBodyLabel.swift in Sources */ = {isa = PBXBuildFile; fileRef = E5E1FC6924BBA66E0091DED6 /* GHBodyLabel.swift */; };
		E5E1FC6C24BBA6810091DED6 /* GHAlertVC.swift in Sources */ = {isa = PBXBuildFile; fileRef = E5E1FC6B24BBA6810091DED6 /* GHAlertVC.swift */; };
		E5E1FC6E24BBA9E10091DED6 /* GHAlertContainerView.swift in Sources */ = {isa = PBXBuildFile; fileRef = E5E1FC6D24BBA9E10091DED6 /* GHAlertContainerView.swift */; };
		E5E1FC7024BBAD090091DED6 /* UIViewController+Ext.swift in Sources */ = {isa = PBXBuildFile; fileRef = E5E1FC6F24BBAD090091DED6 /* UIViewController+Ext.swift */; };
		E5E1FC7824BC79D90091DED6 /* Follower.swift in Sources */ = {isa = PBXBuildFile; fileRef = E5E1FC7724BC79D90091DED6 /* Follower.swift */; };
		E5E1FC7A24BC79E20091DED6 /* User.swift in Sources */ = {isa = PBXBuildFile; fileRef = E5E1FC7924BC79E20091DED6 /* User.swift */; };
/* End PBXBuildFile section */

/* Begin PBXFileReference section */
		E51318ED24B9BC2B00FDF1FA /* GitHubFollowers.app */ = {isa = PBXFileReference; explicitFileType = wrapper.application; includeInIndex = 0; path = GitHubFollowers.app; sourceTree = BUILT_PRODUCTS_DIR; };
		E51318F024B9BC2B00FDF1FA /* AppDelegate.swift */ = {isa = PBXFileReference; lastKnownFileType = sourcecode.swift; path = AppDelegate.swift; sourceTree = "<group>"; };
		E51318F224B9BC2B00FDF1FA /* SceneDelegate.swift */ = {isa = PBXFileReference; lastKnownFileType = sourcecode.swift; path = SceneDelegate.swift; sourceTree = "<group>"; };
		E51318F924B9BC3300FDF1FA /* Assets.xcassets */ = {isa = PBXFileReference; lastKnownFileType = folder.assetcatalog; path = Assets.xcassets; sourceTree = "<group>"; };
		E51318FC24B9BC3300FDF1FA /* Base */ = {isa = PBXFileReference; lastKnownFileType = file.storyboard; name = Base; path = Base.lproj/LaunchScreen.storyboard; sourceTree = "<group>"; };
		E51318FE24B9BC3300FDF1FA /* Info.plist */ = {isa = PBXFileReference; lastKnownFileType = text.plist.xml; path = Info.plist; sourceTree = "<group>"; };
		E513190624BA3AC700FDF1FA /* FavoritesVC.swift */ = {isa = PBXFileReference; lastKnownFileType = sourcecode.swift; path = FavoritesVC.swift; sourceTree = "<group>"; };
		E513190824BA3B1200FDF1FA /* SearchVC.swift */ = {isa = PBXFileReference; lastKnownFileType = sourcecode.swift; path = SearchVC.swift; sourceTree = "<group>"; };
		E532D94E24E1E369000E8D5A /* UIHelper.swift */ = {isa = PBXFileReference; lastKnownFileType = sourcecode.swift; path = UIHelper.swift; sourceTree = "<group>"; };
		E532D95524E27F92000E8D5A /* GHEmptyStateView.swift */ = {isa = PBXFileReference; lastKnownFileType = sourcecode.swift; path = GHEmptyStateView.swift; sourceTree = "<group>"; };
		E532D95724E29807000E8D5A /* UserInfoVC.swift */ = {isa = PBXFileReference; lastKnownFileType = sourcecode.swift; path = UserInfoVC.swift; sourceTree = "<group>"; };
		E532D95A24E2CECE000E8D5A /* GHUserInfoHeaderVC.swift */ = {isa = PBXFileReference; lastKnownFileType = sourcecode.swift; path = GHUserInfoHeaderVC.swift; sourceTree = "<group>"; };
		E532D95C24E2CF0E000E8D5A /* GHSecondaryTitleLabel.swift */ = {isa = PBXFileReference; lastKnownFileType = sourcecode.swift; path = GHSecondaryTitleLabel.swift; sourceTree = "<group>"; };
		E532D95E24E2E538000E8D5A /* Constants.swift */ = {isa = PBXFileReference; lastKnownFileType = sourcecode.swift; path = Constants.swift; sourceTree = "<group>"; };
		E532D96024E330CA000E8D5A /* GHItemInfoView.swift */ = {isa = PBXFileReference; lastKnownFileType = sourcecode.swift; path = GHItemInfoView.swift; sourceTree = "<group>"; };
		E532D96224E338B1000E8D5A /* GHItemInfoVC.swift */ = {isa = PBXFileReference; lastKnownFileType = sourcecode.swift; path = GHItemInfoVC.swift; sourceTree = "<group>"; };
		E532D96424E33B03000E8D5A /* GHRepoItemVC.swift */ = {isa = PBXFileReference; lastKnownFileType = sourcecode.swift; path = GHRepoItemVC.swift; sourceTree = "<group>"; };
		E532D96624E33D57000E8D5A /* GHFollowerItemVC.swift */ = {isa = PBXFileReference; lastKnownFileType = sourcecode.swift; path = GHFollowerItemVC.swift; sourceTree = "<group>"; };
		E550A5C224C378C3009034C5 /* NetworkManager.swift */ = {isa = PBXFileReference; lastKnownFileType = sourcecode.swift; path = NetworkManager.swift; sourceTree = "<group>"; };
		E550A5C524C38606009034C5 /* ErrorMessage.swift */ = {isa = PBXFileReference; lastKnownFileType = sourcecode.swift; path = ErrorMessage.swift; sourceTree = "<group>"; };
		E5ABC60B24C48078005E15A2 /* FollowerCell.swift */ = {isa = PBXFileReference; lastKnownFileType = sourcecode.swift; path = FollowerCell.swift; sourceTree = "<group>"; };
		E5ABC60D24C4811E005E15A2 /* GHAvatarImageView.swift */ = {isa = PBXFileReference; lastKnownFileType = sourcecode.swift; path = GHAvatarImageView.swift; sourceTree = "<group>"; };
		E5E1FC6124BB08B70091DED6 /* GHButton.swift */ = {isa = PBXFileReference; lastKnownFileType = sourcecode.swift; path = GHButton.swift; sourceTree = "<group>"; };
		E5E1FC6324BB08CC0091DED6 /* GHTextField.swift */ = {isa = PBXFileReference; lastKnownFileType = sourcecode.swift; path = GHTextField.swift; sourceTree = "<group>"; };
		E5E1FC6524BB291F0091DED6 /* FollowersListVC.swift */ = {isa = PBXFileReference; lastKnownFileType = sourcecode.swift; path = FollowersListVC.swift; sourceTree = "<group>"; };
		E5E1FC6724BBA6630091DED6 /* GHTitleLabel.swift */ = {isa = PBXFileReference; lastKnownFileType = sourcecode.swift; path = GHTitleLabel.swift; sourceTree = "<group>"; };
		E5E1FC6924BBA66E0091DED6 /* GHBodyLabel.swift */ = {isa = PBXFileReference; lastKnownFileType = sourcecode.swift; path = GHBodyLabel.swift; sourceTree = "<group>"; };
		E5E1FC6B24BBA6810091DED6 /* GHAlertVC.swift */ = {isa = PBXFileReference; lastKnownFileType = sourcecode.swift; path = GHAlertVC.swift; sourceTree = "<group>"; };
		E5E1FC6D24BBA9E10091DED6 /* GHAlertContainerView.swift */ = {isa = PBXFileReference; lastKnownFileType = sourcecode.swift; path = GHAlertContainerView.swift; sourceTree = "<group>"; };
		E5E1FC6F24BBAD090091DED6 /* UIViewController+Ext.swift */ = {isa = PBXFileReference; lastKnownFileType = sourcecode.swift; path = "UIViewController+Ext.swift"; sourceTree = "<group>"; };
		E5E1FC7724BC79D90091DED6 /* Follower.swift */ = {isa = PBXFileReference; lastKnownFileType = sourcecode.swift; path = Follower.swift; sourceTree = "<group>"; };
		E5E1FC7924BC79E20091DED6 /* User.swift */ = {isa = PBXFileReference; lastKnownFileType = sourcecode.swift; path = User.swift; sourceTree = "<group>"; };
/* End PBXFileReference section */

/* Begin PBXFrameworksBuildPhase section */
		E51318EA24B9BC2B00FDF1FA /* Frameworks */ = {
			isa = PBXFrameworksBuildPhase;
			buildActionMask = 2147483647;
			files = (
			);
			runOnlyForDeploymentPostprocessing = 0;
		};
/* End PBXFrameworksBuildPhase section */

/* Begin PBXGroup section */
		E51318E424B9BC2B00FDF1FA = {
			isa = PBXGroup;
			children = (
				E51318EF24B9BC2B00FDF1FA /* GitHubFollowers */,
				E51318EE24B9BC2B00FDF1FA /* Products */,
			);
			sourceTree = "<group>";
		};
		E51318EE24B9BC2B00FDF1FA /* Products */ = {
			isa = PBXGroup;
			children = (
				E51318ED24B9BC2B00FDF1FA /* GitHubFollowers.app */,
			);
			name = Products;
			sourceTree = "<group>";
		};
		E51318EF24B9BC2B00FDF1FA /* GitHubFollowers */ = {
			isa = PBXGroup;
			children = (
				E550A5C424C385EF009034C5 /* Utilities */,
				E550A5C124C378A1009034C5 /* Managers */,
				E5E1FC7624BC79C80091DED6 /* Model */,
				E51318FE24B9BC3300FDF1FA /* Info.plist */,
				E5E1FC7524BBB7CD0091DED6 /* Support */,
				E5E1FC7324BBB75E0091DED6 /* Extensions */,
				E5E1FC7224BBB73C0091DED6 /* Custom Views */,
				E5E1FC7124BBB7090091DED6 /* Screens */,
			);
			path = GitHubFollowers;
			sourceTree = "<group>";
		};
		E532D95024E27EBC000E8D5A /* TextFields */ = {
			isa = PBXGroup;
			children = (
				E5E1FC6324BB08CC0091DED6 /* GHTextField.swift */,
			);
			path = TextFields;
			sourceTree = "<group>";
		};
		E532D95124E27EC5000E8D5A /* ImageViews */ = {
			isa = PBXGroup;
			children = (
				E5ABC60D24C4811E005E15A2 /* GHAvatarImageView.swift */,
			);
			path = ImageViews;
			sourceTree = "<group>";
		};
		E532D95224E27ECC000E8D5A /* Views */ = {
			isa = PBXGroup;
			children = (
				E5E1FC6D24BBA9E10091DED6 /* GHAlertContainerView.swift */,
				E532D95524E27F92000E8D5A /* GHEmptyStateView.swift */,
				E532D96024E330CA000E8D5A /* GHItemInfoView.swift */,
			);
			path = Views;
			sourceTree = "<group>";
		};
		E532D95324E27ED4000E8D5A /* Labels */ = {
			isa = PBXGroup;
			children = (
				E5E1FC6724BBA6630091DED6 /* GHTitleLabel.swift */,
				E5E1FC6924BBA66E0091DED6 /* GHBodyLabel.swift */,
				E532D95C24E2CF0E000E8D5A /* GHSecondaryTitleLabel.swift */,
			);
			path = Labels;
			sourceTree = "<group>";
		};
		E532D95424E27EFA000E8D5A /* Buttons */ = {
			isa = PBXGroup;
			children = (
				E5E1FC6124BB08B70091DED6 /* GHButton.swift */,
			);
			path = Buttons;
			sourceTree = "<group>";
		};
		E532D95924E2CEB6000E8D5A /* ViewControllers */ = {
			isa = PBXGroup;
			children = (
				E532D96824E33D86000E8D5A /* ItemInfoVCs */,
				E532D95A24E2CECE000E8D5A /* GHUserInfoHeaderVC.swift */,
			);
			path = ViewControllers;
			sourceTree = "<group>";
		};
		E532D96824E33D86000E8D5A /* ItemInfoVCs */ = {
			isa = PBXGroup;
			children = (
				E532D96424E33B03000E8D5A /* GHRepoItemVC.swift */,
				E532D96624E33D57000E8D5A /* GHFollowerItemVC.swift */,
				E532D96224E338B1000E8D5A /* GHItemInfoVC.swift */,
			);
			path = ItemInfoVCs;
			sourceTree = "<group>";
		};
		E550A5C124C378A1009034C5 /* Managers */ = {
			isa = PBXGroup;
			children = (
				E550A5C224C378C3009034C5 /* NetworkManager.swift */,
			);
			path = Managers;
			sourceTree = "<group>";
		};
		E550A5C424C385EF009034C5 /* Utilities */ = {
			isa = PBXGroup;
			children = (
				E550A5C524C38606009034C5 /* ErrorMessage.swift */,
				E532D94E24E1E369000E8D5A /* UIHelper.swift */,
				E532D95E24E2E538000E8D5A /* Constants.swift */,
			);
			path = Utilities;
			sourceTree = "<group>";
		};
		E5ABC60A24C48054005E15A2 /* Cells */ = {
			isa = PBXGroup;
			children = (
				E5ABC60B24C48078005E15A2 /* FollowerCell.swift */,
			);
			path = Cells;
			sourceTree = "<group>";
		};
		E5E1FC7124BBB7090091DED6 /* Screens */ = {
			isa = PBXGroup;
			children = (
				E5E1FC6524BB291F0091DED6 /* FollowersListVC.swift */,
				E513190624BA3AC700FDF1FA /* FavoritesVC.swift */,
				E5E1FC6B24BBA6810091DED6 /* GHAlertVC.swift */,
				E513190824BA3B1200FDF1FA /* SearchVC.swift */,
				E532D95724E29807000E8D5A /* UserInfoVC.swift */,
			);
			path = Screens;
			sourceTree = "<group>";
		};
		E5E1FC7224BBB73C0091DED6 /* Custom Views */ = {
			isa = PBXGroup;
			children = (
				E532D95924E2CEB6000E8D5A /* ViewControllers */,
				E532D95424E27EFA000E8D5A /* Buttons */,
				E532D95324E27ED4000E8D5A /* Labels */,
				E532D95224E27ECC000E8D5A /* Views */,
				E532D95124E27EC5000E8D5A /* ImageViews */,
				E532D95024E27EBC000E8D5A /* TextFields */,
				E5ABC60A24C48054005E15A2 /* Cells */,
			);
			path = "Custom Views";
			sourceTree = "<group>";
		};
		E5E1FC7324BBB75E0091DED6 /* Extensions */ = {
			isa = PBXGroup;
			children = (
				E5E1FC6F24BBAD090091DED6 /* UIViewController+Ext.swift */,
			);
			path = Extensions;
			sourceTree = "<group>";
		};
		E5E1FC7524BBB7CD0091DED6 /* Support */ = {
			isa = PBXGroup;
			children = (
				E51318F024B9BC2B00FDF1FA /* AppDelegate.swift */,
				E51318F224B9BC2B00FDF1FA /* SceneDelegate.swift */,
				E51318F924B9BC3300FDF1FA /* Assets.xcassets */,
				E51318FB24B9BC3300FDF1FA /* LaunchScreen.storyboard */,
			);
			path = Support;
			sourceTree = "<group>";
		};
		E5E1FC7624BC79C80091DED6 /* Model */ = {
			isa = PBXGroup;
			children = (
				E5E1FC7724BC79D90091DED6 /* Follower.swift */,
				E5E1FC7924BC79E20091DED6 /* User.swift */,
			);
			path = Model;
			sourceTree = "<group>";
		};
/* End PBXGroup section */

/* Begin PBXNativeTarget section */
		E51318EC24B9BC2B00FDF1FA /* GitHubFollowers */ = {
			isa = PBXNativeTarget;
			buildConfigurationList = E513190124B9BC3300FDF1FA /* Build configuration list for PBXNativeTarget "GitHubFollowers" */;
			buildPhases = (
				E51318E924B9BC2B00FDF1FA /* Sources */,
				E51318EA24B9BC2B00FDF1FA /* Frameworks */,
				E51318EB24B9BC2B00FDF1FA /* Resources */,
			);
			buildRules = (
			);
			dependencies = (
			);
			name = GitHubFollowers;
			productName = GitHubFollowers;
			productReference = E51318ED24B9BC2B00FDF1FA /* GitHubFollowers.app */;
			productType = "com.apple.product-type.application";
		};
/* End PBXNativeTarget section */

/* Begin PBXProject section */
		E51318E524B9BC2B00FDF1FA /* Project object */ = {
			isa = PBXProject;
			attributes = {
				LastSwiftUpdateCheck = 1130;
				LastUpgradeCheck = 1130;
				ORGANIZATIONNAME = "Tatiana Karpukova";
				TargetAttributes = {
					E51318EC24B9BC2B00FDF1FA = {
						CreatedOnToolsVersion = 11.3.1;
					};
				};
			};
			buildConfigurationList = E51318E824B9BC2B00FDF1FA /* Build configuration list for PBXProject "GitHubFollowers" */;
			compatibilityVersion = "Xcode 9.3";
			developmentRegion = en;
			hasScannedForEncodings = 0;
			knownRegions = (
				en,
				Base,
			);
			mainGroup = E51318E424B9BC2B00FDF1FA;
			productRefGroup = E51318EE24B9BC2B00FDF1FA /* Products */;
			projectDirPath = "";
			projectRoot = "";
			targets = (
				E51318EC24B9BC2B00FDF1FA /* GitHubFollowers */,
			);
		};
/* End PBXProject section */

/* Begin PBXResourcesBuildPhase section */
		E51318EB24B9BC2B00FDF1FA /* Resources */ = {
			isa = PBXResourcesBuildPhase;
			buildActionMask = 2147483647;
			files = (
				E51318FD24B9BC3300FDF1FA /* LaunchScreen.storyboard in Resources */,
				E51318FA24B9BC3300FDF1FA /* Assets.xcassets in Resources */,
			);
			runOnlyForDeploymentPostprocessing = 0;
		};
/* End PBXResourcesBuildPhase section */

/* Begin PBXSourcesBuildPhase section */
		E51318E924B9BC2B00FDF1FA /* Sources */ = {
			isa = PBXSourcesBuildPhase;
			buildActionMask = 2147483647;
			files = (
				E5E1FC6224BB08B70091DED6 /* GHButton.swift in Sources */,
				E532D95D24E2CF0E000E8D5A /* GHSecondaryTitleLabel.swift in Sources */,
				E5E1FC6624BB291F0091DED6 /* FollowersListVC.swift in Sources */,
				E5E1FC7024BBAD090091DED6 /* UIViewController+Ext.swift in Sources */,
				E532D96324E338B1000E8D5A /* GHItemInfoVC.swift in Sources */,
				E513190924BA3B1200FDF1FA /* SearchVC.swift in Sources */,
				E532D96524E33B03000E8D5A /* GHRepoItemVC.swift in Sources */,
				E5E1FC6E24BBA9E10091DED6 /* GHAlertContainerView.swift in Sources */,
				E5E1FC6424BB08CC0091DED6 /* GHTextField.swift in Sources */,
				E5E1FC7A24BC79E20091DED6 /* User.swift in Sources */,
				E532D95624E27F92000E8D5A /* GHEmptyStateView.swift in Sources */,
				E5ABC60C24C48078005E15A2 /* FollowerCell.swift in Sources */,
				E513190724BA3AC700FDF1FA /* FavoritesVC.swift in Sources */,
				E5E1FC7824BC79D90091DED6 /* Follower.swift in Sources */,
				E532D96724E33D57000E8D5A /* GHFollowerItemVC.swift in Sources */,
				E532D95824E29807000E8D5A /* UserInfoVC.swift in Sources */,
				E5ABC60E24C4811E005E15A2 /* GHAvatarImageView.swift in Sources */,
				E532D96124E330CB000E8D5A /* GHItemInfoView.swift in Sources */,
				E51318F124B9BC2B00FDF1FA /* AppDelegate.swift in Sources */,
				E5E1FC6C24BBA6810091DED6 /* GHAlertVC.swift in Sources */,
				E532D95B24E2CECE000E8D5A /* GHUserInfoHeaderVC.swift in Sources */,
				E5E1FC6A24BBA66E0091DED6 /* GHBodyLabel.swift in Sources */,
				E550A5C624C38606009034C5 /* ErrorMessage.swift in Sources */,
				E532D94F24E1E369000E8D5A /* UIHelper.swift in Sources */,
				E550A5C324C378C3009034C5 /* NetworkManager.swift in Sources */,
				E5E1FC6824BBA6630091DED6 /* GHTitleLabel.swift in Sources */,
				E51318F324B9BC2B00FDF1FA /* SceneDelegate.swift in Sources */,
				E532D95F24E2E538000E8D5A /* Constants.swift in Sources */,
			);
			runOnlyForDeploymentPostprocessing = 0;
		};
/* End PBXSourcesBuildPhase section */

/* Begin PBXVariantGroup section */
		E51318FB24B9BC3300FDF1FA /* LaunchScreen.storyboard */ = {
			isa = PBXVariantGroup;
			children = (
				E51318FC24B9BC3300FDF1FA /* Base */,
			);
			name = LaunchScreen.storyboard;
			sourceTree = "<group>";
		};
/* End PBXVariantGroup section */

/* Begin XCBuildConfiguration section */
		E51318FF24B9BC3300FDF1FA /* Debug */ = {
			isa = XCBuildConfiguration;
			buildSettings = {
				ALWAYS_SEARCH_USER_PATHS = NO;
				CLANG_ANALYZER_NONNULL = YES;
				CLANG_ANALYZER_NUMBER_OBJECT_CONVERSION = YES_AGGRESSIVE;
				CLANG_CXX_LANGUAGE_STANDARD = "gnu++14";
				CLANG_CXX_LIBRARY = "libc++";
				CLANG_ENABLE_MODULES = YES;
				CLANG_ENABLE_OBJC_ARC = YES;
				CLANG_ENABLE_OBJC_WEAK = YES;
				CLANG_WARN_BLOCK_CAPTURE_AUTORELEASING = YES;
				CLANG_WARN_BOOL_CONVERSION = YES;
				CLANG_WARN_COMMA = YES;
				CLANG_WARN_CONSTANT_CONVERSION = YES;
				CLANG_WARN_DEPRECATED_OBJC_IMPLEMENTATIONS = YES;
				CLANG_WARN_DIRECT_OBJC_ISA_USAGE = YES_ERROR;
				CLANG_WARN_DOCUMENTATION_COMMENTS = YES;
				CLANG_WARN_EMPTY_BODY = YES;
				CLANG_WARN_ENUM_CONVERSION = YES;
				CLANG_WARN_INFINITE_RECURSION = YES;
				CLANG_WARN_INT_CONVERSION = YES;
				CLANG_WARN_NON_LITERAL_NULL_CONVERSION = YES;
				CLANG_WARN_OBJC_IMPLICIT_RETAIN_SELF = YES;
				CLANG_WARN_OBJC_LITERAL_CONVERSION = YES;
				CLANG_WARN_OBJC_ROOT_CLASS = YES_ERROR;
				CLANG_WARN_RANGE_LOOP_ANALYSIS = YES;
				CLANG_WARN_STRICT_PROTOTYPES = YES;
				CLANG_WARN_SUSPICIOUS_MOVE = YES;
				CLANG_WARN_UNGUARDED_AVAILABILITY = YES_AGGRESSIVE;
				CLANG_WARN_UNREACHABLE_CODE = YES;
				CLANG_WARN__DUPLICATE_METHOD_MATCH = YES;
				COPY_PHASE_STRIP = NO;
				DEBUG_INFORMATION_FORMAT = dwarf;
				ENABLE_STRICT_OBJC_MSGSEND = YES;
				ENABLE_TESTABILITY = YES;
				GCC_C_LANGUAGE_STANDARD = gnu11;
				GCC_DYNAMIC_NO_PIC = NO;
				GCC_NO_COMMON_BLOCKS = YES;
				GCC_OPTIMIZATION_LEVEL = 0;
				GCC_PREPROCESSOR_DEFINITIONS = (
					"DEBUG=1",
					"$(inherited)",
				);
				GCC_WARN_64_TO_32_BIT_CONVERSION = YES;
				GCC_WARN_ABOUT_RETURN_TYPE = YES_ERROR;
				GCC_WARN_UNDECLARED_SELECTOR = YES;
				GCC_WARN_UNINITIALIZED_AUTOS = YES_AGGRESSIVE;
				GCC_WARN_UNUSED_FUNCTION = YES;
				GCC_WARN_UNUSED_VARIABLE = YES;
				IPHONEOS_DEPLOYMENT_TARGET = 13.2;
				MTL_ENABLE_DEBUG_INFO = INCLUDE_SOURCE;
				MTL_FAST_MATH = YES;
				ONLY_ACTIVE_ARCH = YES;
				SDKROOT = iphoneos;
				SWIFT_ACTIVE_COMPILATION_CONDITIONS = DEBUG;
				SWIFT_OPTIMIZATION_LEVEL = "-Onone";
			};
			name = Debug;
		};
		E513190024B9BC3300FDF1FA /* Release */ = {
			isa = XCBuildConfiguration;
			buildSettings = {
				ALWAYS_SEARCH_USER_PATHS = NO;
				CLANG_ANALYZER_NONNULL = YES;
				CLANG_ANALYZER_NUMBER_OBJECT_CONVERSION = YES_AGGRESSIVE;
				CLANG_CXX_LANGUAGE_STANDARD = "gnu++14";
				CLANG_CXX_LIBRARY = "libc++";
				CLANG_ENABLE_MODULES = YES;
				CLANG_ENABLE_OBJC_ARC = YES;
				CLANG_ENABLE_OBJC_WEAK = YES;
				CLANG_WARN_BLOCK_CAPTURE_AUTORELEASING = YES;
				CLANG_WARN_BOOL_CONVERSION = YES;
				CLANG_WARN_COMMA = YES;
				CLANG_WARN_CONSTANT_CONVERSION = YES;
				CLANG_WARN_DEPRECATED_OBJC_IMPLEMENTATIONS = YES;
				CLANG_WARN_DIRECT_OBJC_ISA_USAGE = YES_ERROR;
				CLANG_WARN_DOCUMENTATION_COMMENTS = YES;
				CLANG_WARN_EMPTY_BODY = YES;
				CLANG_WARN_ENUM_CONVERSION = YES;
				CLANG_WARN_INFINITE_RECURSION = YES;
				CLANG_WARN_INT_CONVERSION = YES;
				CLANG_WARN_NON_LITERAL_NULL_CONVERSION = YES;
				CLANG_WARN_OBJC_IMPLICIT_RETAIN_SELF = YES;
				CLANG_WARN_OBJC_LITERAL_CONVERSION = YES;
				CLANG_WARN_OBJC_ROOT_CLASS = YES_ERROR;
				CLANG_WARN_RANGE_LOOP_ANALYSIS = YES;
				CLANG_WARN_STRICT_PROTOTYPES = YES;
				CLANG_WARN_SUSPICIOUS_MOVE = YES;
				CLANG_WARN_UNGUARDED_AVAILABILITY = YES_AGGRESSIVE;
				CLANG_WARN_UNREACHABLE_CODE = YES;
				CLANG_WARN__DUPLICATE_METHOD_MATCH = YES;
				COPY_PHASE_STRIP = NO;
				DEBUG_INFORMATION_FORMAT = "dwarf-with-dsym";
				ENABLE_NS_ASSERTIONS = NO;
				ENABLE_STRICT_OBJC_MSGSEND = YES;
				GCC_C_LANGUAGE_STANDARD = gnu11;
				GCC_NO_COMMON_BLOCKS = YES;
				GCC_WARN_64_TO_32_BIT_CONVERSION = YES;
				GCC_WARN_ABOUT_RETURN_TYPE = YES_ERROR;
				GCC_WARN_UNDECLARED_SELECTOR = YES;
				GCC_WARN_UNINITIALIZED_AUTOS = YES_AGGRESSIVE;
				GCC_WARN_UNUSED_FUNCTION = YES;
				GCC_WARN_UNUSED_VARIABLE = YES;
				IPHONEOS_DEPLOYMENT_TARGET = 13.2;
				MTL_ENABLE_DEBUG_INFO = NO;
				MTL_FAST_MATH = YES;
				SDKROOT = iphoneos;
				SWIFT_COMPILATION_MODE = wholemodule;
				SWIFT_OPTIMIZATION_LEVEL = "-O";
				VALIDATE_PRODUCT = YES;
			};
			name = Release;
		};
		E513190224B9BC3300FDF1FA /* Debug */ = {
			isa = XCBuildConfiguration;
			buildSettings = {
				ASSETCATALOG_COMPILER_APPICON_NAME = AppIcon;
				CODE_SIGN_STYLE = Automatic;
				DEVELOPMENT_TEAM = RPQ44HW429;
				INFOPLIST_FILE = GitHubFollowers/Info.plist;
				LD_RUNPATH_SEARCH_PATHS = (
					"$(inherited)",
					"@executable_path/Frameworks",
				);
				PRODUCT_BUNDLE_IDENTIFIER = com.tpepperm.GitHubFollowers;
				PRODUCT_NAME = "$(TARGET_NAME)";
				SWIFT_VERSION = 5.0;
				TARGETED_DEVICE_FAMILY = "1,2";
			};
			name = Debug;
		};
		E513190324B9BC3300FDF1FA /* Release */ = {
			isa = XCBuildConfiguration;
			buildSettings = {
				ASSETCATALOG_COMPILER_APPICON_NAME = AppIcon;
				CODE_SIGN_STYLE = Automatic;
				DEVELOPMENT_TEAM = RPQ44HW429;
				INFOPLIST_FILE = GitHubFollowers/Info.plist;
				LD_RUNPATH_SEARCH_PATHS = (
					"$(inherited)",
					"@executable_path/Frameworks",
				);
				PRODUCT_BUNDLE_IDENTIFIER = com.tpepperm.GitHubFollowers;
				PRODUCT_NAME = "$(TARGET_NAME)";
				SWIFT_VERSION = 5.0;
				TARGETED_DEVICE_FAMILY = "1,2";
			};
			name = Release;
		};
/* End XCBuildConfiguration section */

/* Begin XCConfigurationList section */
		E51318E824B9BC2B00FDF1FA /* Build configuration list for PBXProject "GitHubFollowers" */ = {
			isa = XCConfigurationList;
			buildConfigurations = (
				E51318FF24B9BC3300FDF1FA /* Debug */,
				E513190024B9BC3300FDF1FA /* Release */,
			);
			defaultConfigurationIsVisible = 0;
			defaultConfigurationName = Release;
		};
		E513190124B9BC3300FDF1FA /* Build configuration list for PBXNativeTarget "GitHubFollowers" */ = {
			isa = XCConfigurationList;
			buildConfigurations = (
				E513190224B9BC3300FDF1FA /* Debug */,
				E513190324B9BC3300FDF1FA /* Release */,
			);
			defaultConfigurationIsVisible = 0;
			defaultConfigurationName = Release;
		};
/* End XCConfigurationList section */
	};
	rootObject = E51318E524B9BC2B00FDF1FA /* Project object */;
}
